// !$*UTF8*$!
{
	archiveVersion = 1;
	classes = {
	};
	objectVersion = 48;
	objects = {

/* Begin PBXBuildFile section */
		F515846420B6521400ED8AEE /* AppDelegate.swift in Sources */ = {isa = PBXBuildFile; fileRef = F515846320B6521400ED8AEE /* AppDelegate.swift */; };
		F515846620B6521400ED8AEE /* ViewController.swift in Sources */ = {isa = PBXBuildFile; fileRef = F515846520B6521400ED8AEE /* ViewController.swift */; };
		F515846920B6521400ED8AEE /* Main.storyboard in Resources */ = {isa = PBXBuildFile; fileRef = F515846720B6521400ED8AEE /* Main.storyboard */; };
		F515846B20B6521400ED8AEE /* Assets.xcassets in Resources */ = {isa = PBXBuildFile; fileRef = F515846A20B6521400ED8AEE /* Assets.xcassets */; };
		F515846E20B6521400ED8AEE /* LaunchScreen.storyboard in Resources */ = {isa = PBXBuildFile; fileRef = F515846C20B6521400ED8AEE /* LaunchScreen.storyboard */; };
		F515847920B6521400ED8AEE /* MJChangeNetworkEnvironmentTests.swift in Sources */ = {isa = PBXBuildFile; fileRef = F515847820B6521400ED8AEE /* MJChangeNetworkEnvironmentTests.swift */; };
		F515848420B6521400ED8AEE /* MJChangeNetworkEnvironmentUITests.swift in Sources */ = {isa = PBXBuildFile; fileRef = F515848320B6521400ED8AEE /* MJChangeNetworkEnvironmentUITests.swift */; };
		F515849320B6523F00ED8AEE /* MJChangeNetworkEnvironment.swift in Sources */ = {isa = PBXBuildFile; fileRef = F515849220B6523E00ED8AEE /* MJChangeNetworkEnvironment.swift */; };
/* End PBXBuildFile section */

/* Begin PBXContainerItemProxy section */
		F515847520B6521400ED8AEE /* PBXContainerItemProxy */ = {
			isa = PBXContainerItemProxy;
			containerPortal = F515845820B6521400ED8AEE /* Project object */;
			proxyType = 1;
			remoteGlobalIDString = F515845F20B6521400ED8AEE;
			remoteInfo = MJChangeNetworkEnvironment;
		};
		F515848020B6521400ED8AEE /* PBXContainerItemProxy */ = {
			isa = PBXContainerItemProxy;
			containerPortal = F515845820B6521400ED8AEE /* Project object */;
			proxyType = 1;
			remoteGlobalIDString = F515845F20B6521400ED8AEE;
			remoteInfo = MJChangeNetworkEnvironment;
		};
/* End PBXContainerItemProxy section */

/* Begin PBXFileReference section */
		F515846020B6521400ED8AEE /* MJChangeNetworkEnvironment.app */ = {isa = PBXFileReference; explicitFileType = wrapper.application; includeInIndex = 0; path = MJChangeNetworkEnvironment.app; sourceTree = BUILT_PRODUCTS_DIR; };
		F515846320B6521400ED8AEE /* AppDelegate.swift */ = {isa = PBXFileReference; lastKnownFileType = sourcecode.swift; path = AppDelegate.swift; sourceTree = "<group>"; };
		F515846520B6521400ED8AEE /* ViewController.swift */ = {isa = PBXFileReference; lastKnownFileType = sourcecode.swift; path = ViewController.swift; sourceTree = "<group>"; };
		F515846820B6521400ED8AEE /* Base */ = {isa = PBXFileReference; lastKnownFileType = file.storyboard; name = Base; path = Base.lproj/Main.storyboard; sourceTree = "<group>"; };
		F515846A20B6521400ED8AEE /* Assets.xcassets */ = {isa = PBXFileReference; lastKnownFileType = folder.assetcatalog; path = Assets.xcassets; sourceTree = "<group>"; };
		F515846D20B6521400ED8AEE /* Base */ = {isa = PBXFileReference; lastKnownFileType = file.storyboard; name = Base; path = Base.lproj/LaunchScreen.storyboard; sourceTree = "<group>"; };
		F515846F20B6521400ED8AEE /* Info.plist */ = {isa = PBXFileReference; lastKnownFileType = text.plist.xml; path = Info.plist; sourceTree = "<group>"; };
		F515847420B6521400ED8AEE /* MJChangeNetworkEnvironmentTests.xctest */ = {isa = PBXFileReference; explicitFileType = wrapper.cfbundle; includeInIndex = 0; path = MJChangeNetworkEnvironmentTests.xctest; sourceTree = BUILT_PRODUCTS_DIR; };
		F515847820B6521400ED8AEE /* MJChangeNetworkEnvironmentTests.swift */ = {isa = PBXFileReference; lastKnownFileType = sourcecode.swift; path = MJChangeNetworkEnvironmentTests.swift; sourceTree = "<group>"; };
		F515847A20B6521400ED8AEE /* Info.plist */ = {isa = PBXFileReference; lastKnownFileType = text.plist.xml; path = Info.plist; sourceTree = "<group>"; };
		F515847F20B6521400ED8AEE /* MJChangeNetworkEnvironmentUITests.xctest */ = {isa = PBXFileReference; explicitFileType = wrapper.cfbundle; includeInIndex = 0; path = MJChangeNetworkEnvironmentUITests.xctest; sourceTree = BUILT_PRODUCTS_DIR; };
		F515848320B6521400ED8AEE /* MJChangeNetworkEnvironmentUITests.swift */ = {isa = PBXFileReference; lastKnownFileType = sourcecode.swift; path = MJChangeNetworkEnvironmentUITests.swift; sourceTree = "<group>"; };
		F515848520B6521400ED8AEE /* Info.plist */ = {isa = PBXFileReference; lastKnownFileType = text.plist.xml; path = Info.plist; sourceTree = "<group>"; };
		F515849220B6523E00ED8AEE /* MJChangeNetworkEnvironment.swift */ = {isa = PBXFileReference; fileEncoding = 4; lastKnownFileType = sourcecode.swift; path = MJChangeNetworkEnvironment.swift; sourceTree = "<group>"; };
/* End PBXFileReference section */

/* Begin PBXFrameworksBuildPhase section */
		F515845D20B6521400ED8AEE /* Frameworks */ = {
			isa = PBXFrameworksBuildPhase;
			buildActionMask = 2147483647;
			files = (
			);
			runOnlyForDeploymentPostprocessing = 0;
		};
		F515847120B6521400ED8AEE /* Frameworks */ = {
			isa = PBXFrameworksBuildPhase;
			buildActionMask = 2147483647;
			files = (
			);
			runOnlyForDeploymentPostprocessing = 0;
		};
		F515847C20B6521400ED8AEE /* Frameworks */ = {
			isa = PBXFrameworksBuildPhase;
			buildActionMask = 2147483647;
			files = (
			);
			runOnlyForDeploymentPostprocessing = 0;
		};
/* End PBXFrameworksBuildPhase section */

/* Begin PBXGroup section */
		F515845720B6521400ED8AEE = {
			isa = PBXGroup;
			children = (
				F515846220B6521400ED8AEE /* MJChangeNetworkEnvironment */,
				F515847720B6521400ED8AEE /* MJChangeNetworkEnvironmentTests */,
				F515848220B6521400ED8AEE /* MJChangeNetworkEnvironmentUITests */,
				F515846120B6521400ED8AEE /* Products */,
			);
			sourceTree = "<group>";
		};
		F515846120B6521400ED8AEE /* Products */ = {
			isa = PBXGroup;
			children = (
				F515846020B6521400ED8AEE /* MJChangeNetworkEnvironment.app */,
				F515847420B6521400ED8AEE /* MJChangeNetworkEnvironmentTests.xctest */,
				F515847F20B6521400ED8AEE /* MJChangeNetworkEnvironmentUITests.xctest */,
			);
			name = Products;
			sourceTree = "<group>";
		};
		F515846220B6521400ED8AEE /* MJChangeNetworkEnvironment */ = {
			isa = PBXGroup;
			children = (
				F515849120B6522C00ED8AEE /* code */,
				F515846320B6521400ED8AEE /* AppDelegate.swift */,
				F515846520B6521400ED8AEE /* ViewController.swift */,
				F515846720B6521400ED8AEE /* Main.storyboard */,
				F515846A20B6521400ED8AEE /* Assets.xcassets */,
				F515846C20B6521400ED8AEE /* LaunchScreen.storyboard */,
				F515846F20B6521400ED8AEE /* Info.plist */,
			);
			path = MJChangeNetworkEnvironment;
			sourceTree = "<group>";
		};
		F515847720B6521400ED8AEE /* MJChangeNetworkEnvironmentTests */ = {
			isa = PBXGroup;
			children = (
				F515847820B6521400ED8AEE /* MJChangeNetworkEnvironmentTests.swift */,
				F515847A20B6521400ED8AEE /* Info.plist */,
			);
			path = MJChangeNetworkEnvironmentTests;
			sourceTree = "<group>";
		};
		F515848220B6521400ED8AEE /* MJChangeNetworkEnvironmentUITests */ = {
			isa = PBXGroup;
			children = (
				F515848320B6521400ED8AEE /* MJChangeNetworkEnvironmentUITests.swift */,
				F515848520B6521400ED8AEE /* Info.plist */,
			);
			path = MJChangeNetworkEnvironmentUITests;
			sourceTree = "<group>";
		};
		F515849120B6522C00ED8AEE /* code */ = {
			isa = PBXGroup;
			children = (
				F515849220B6523E00ED8AEE /* MJChangeNetworkEnvironment.swift */,
			);
			path = code;
			sourceTree = "<group>";
		};
/* End PBXGroup section */

/* Begin PBXNativeTarget section */
		F515845F20B6521400ED8AEE /* MJChangeNetworkEnvironment */ = {
			isa = PBXNativeTarget;
			buildConfigurationList = F515848820B6521400ED8AEE /* Build configuration list for PBXNativeTarget "MJChangeNetworkEnvironment" */;
			buildPhases = (
				F515845C20B6521400ED8AEE /* Sources */,
				F515845D20B6521400ED8AEE /* Frameworks */,
				F515845E20B6521400ED8AEE /* Resources */,
			);
			buildRules = (
			);
			dependencies = (
			);
			name = MJChangeNetworkEnvironment;
			productName = MJChangeNetworkEnvironment;
			productReference = F515846020B6521400ED8AEE /* MJChangeNetworkEnvironment.app */;
			productType = "com.apple.product-type.application";
		};
		F515847320B6521400ED8AEE /* MJChangeNetworkEnvironmentTests */ = {
			isa = PBXNativeTarget;
			buildConfigurationList = F515848B20B6521400ED8AEE /* Build configuration list for PBXNativeTarget "MJChangeNetworkEnvironmentTests" */;
			buildPhases = (
				F515847020B6521400ED8AEE /* Sources */,
				F515847120B6521400ED8AEE /* Frameworks */,
				F515847220B6521400ED8AEE /* Resources */,
			);
			buildRules = (
			);
			dependencies = (
				F515847620B6521400ED8AEE /* PBXTargetDependency */,
			);
			name = MJChangeNetworkEnvironmentTests;
			productName = MJChangeNetworkEnvironmentTests;
			productReference = F515847420B6521400ED8AEE /* MJChangeNetworkEnvironmentTests.xctest */;
			productType = "com.apple.product-type.bundle.unit-test";
		};
		F515847E20B6521400ED8AEE /* MJChangeNetworkEnvironmentUITests */ = {
			isa = PBXNativeTarget;
			buildConfigurationList = F515848E20B6521400ED8AEE /* Build configuration list for PBXNativeTarget "MJChangeNetworkEnvironmentUITests" */;
			buildPhases = (
				F515847B20B6521400ED8AEE /* Sources */,
				F515847C20B6521400ED8AEE /* Frameworks */,
				F515847D20B6521400ED8AEE /* Resources */,
			);
			buildRules = (
			);
			dependencies = (
				F515848120B6521400ED8AEE /* PBXTargetDependency */,
			);
			name = MJChangeNetworkEnvironmentUITests;
			productName = MJChangeNetworkEnvironmentUITests;
			productReference = F515847F20B6521400ED8AEE /* MJChangeNetworkEnvironmentUITests.xctest */;
			productType = "com.apple.product-type.bundle.ui-testing";
		};
/* End PBXNativeTarget section */

/* Begin PBXProject section */
		F515845820B6521400ED8AEE /* Project object */ = {
			isa = PBXProject;
			attributes = {
				LastSwiftUpdateCheck = 0920;
				LastUpgradeCheck = 0920;
				ORGANIZATIONNAME = caiqr;
				TargetAttributes = {
					F515845F20B6521400ED8AEE = {
						CreatedOnToolsVersion = 9.2;
						ProvisioningStyle = Automatic;
					};
					F515847320B6521400ED8AEE = {
						CreatedOnToolsVersion = 9.2;
						ProvisioningStyle = Automatic;
						TestTargetID = F515845F20B6521400ED8AEE;
					};
					F515847E20B6521400ED8AEE = {
						CreatedOnToolsVersion = 9.2;
						ProvisioningStyle = Automatic;
						TestTargetID = F515845F20B6521400ED8AEE;
					};
				};
			};
			buildConfigurationList = F515845B20B6521400ED8AEE /* Build configuration list for PBXProject "MJChangeNetworkEnvironment" */;
			compatibilityVersion = "Xcode 8.0";
			developmentRegion = en;
			hasScannedForEncodings = 0;
			knownRegions = (
				en,
				Base,
			);
			mainGroup = F515845720B6521400ED8AEE;
			productRefGroup = F515846120B6521400ED8AEE /* Products */;
			projectDirPath = "";
			projectRoot = "";
			targets = (
				F515845F20B6521400ED8AEE /* MJChangeNetworkEnvironment */,
				F515847320B6521400ED8AEE /* MJChangeNetworkEnvironmentTests */,
				F515847E20B6521400ED8AEE /* MJChangeNetworkEnvironmentUITests */,
			);
		};
/* End PBXProject section */

/* Begin PBXResourcesBuildPhase section */
		F515845E20B6521400ED8AEE /* Resources */ = {
			isa = PBXResourcesBuildPhase;
			buildActionMask = 2147483647;
			files = (
				F515846E20B6521400ED8AEE /* LaunchScreen.storyboard in Resources */,
				F515846B20B6521400ED8AEE /* Assets.xcassets in Resources */,
				F515846920B6521400ED8AEE /* Main.storyboard in Resources */,
			);
			runOnlyForDeploymentPostprocessing = 0;
		};
		F515847220B6521400ED8AEE /* Resources */ = {
			isa = PBXResourcesBuildPhase;
			buildActionMask = 2147483647;
			files = (
			);
			runOnlyForDeploymentPostprocessing = 0;
		};
		F515847D20B6521400ED8AEE /* Resources */ = {
			isa = PBXResourcesBuildPhase;
			buildActionMask = 2147483647;
			files = (
			);
			runOnlyForDeploymentPostprocessing = 0;
		};
/* End PBXResourcesBuildPhase section */

/* Begin PBXSourcesBuildPhase section */
		F515845C20B6521400ED8AEE /* Sources */ = {
			isa = PBXSourcesBuildPhase;
			buildActionMask = 2147483647;
			files = (
				F515846620B6521400ED8AEE /* ViewController.swift in Sources */,
				F515849320B6523F00ED8AEE /* MJChangeNetworkEnvironment.swift in Sources */,
				F515846420B6521400ED8AEE /* AppDelegate.swift in Sources */,
			);
			runOnlyForDeploymentPostprocessing = 0;
		};
		F515847020B6521400ED8AEE /* Sources */ = {
			isa = PBXSourcesBuildPhase;
			buildActionMask = 2147483647;
			files = (
				F515847920B6521400ED8AEE /* MJChangeNetworkEnvironmentTests.swift in Sources */,
			);
			runOnlyForDeploymentPostprocessing = 0;
		};
		F515847B20B6521400ED8AEE /* Sources */ = {
			isa = PBXSourcesBuildPhase;
			buildActionMask = 2147483647;
			files = (
				F515848420B6521400ED8AEE /* MJChangeNetworkEnvironmentUITests.swift in Sources */,
			);
			runOnlyForDeploymentPostprocessing = 0;
		};
/* End PBXSourcesBuildPhase section */

/* Begin PBXTargetDependency section */
		F515847620B6521400ED8AEE /* PBXTargetDependency */ = {
			isa = PBXTargetDependency;
			target = F515845F20B6521400ED8AEE /* MJChangeNetworkEnvironment */;
			targetProxy = F515847520B6521400ED8AEE /* PBXContainerItemProxy */;
		};
		F515848120B6521400ED8AEE /* PBXTargetDependency */ = {
			isa = PBXTargetDependency;
			target = F515845F20B6521400ED8AEE /* MJChangeNetworkEnvironment */;
			targetProxy = F515848020B6521400ED8AEE /* PBXContainerItemProxy */;
		};
/* End PBXTargetDependency section */

/* Begin PBXVariantGroup section */
		F515846720B6521400ED8AEE /* Main.storyboard */ = {
			isa = PBXVariantGroup;
			children = (
				F515846820B6521400ED8AEE /* Base */,
			);
			name = Main.storyboard;
			sourceTree = "<group>";
		};
		F515846C20B6521400ED8AEE /* LaunchScreen.storyboard */ = {
			isa = PBXVariantGroup;
			children = (
				F515846D20B6521400ED8AEE /* Base */,
			);
			name = LaunchScreen.storyboard;
			sourceTree = "<group>";
		};
/* End PBXVariantGroup section */

/* Begin XCBuildConfiguration section */
		F515848620B6521400ED8AEE /* Debug */ = {
			isa = XCBuildConfiguration;
			buildSettings = {
				ALWAYS_SEARCH_USER_PATHS = NO;
				CLANG_ANALYZER_NONNULL = YES;
				CLANG_ANALYZER_NUMBER_OBJECT_CONVERSION = YES_AGGRESSIVE;
				CLANG_CXX_LANGUAGE_STANDARD = "gnu++14";
				CLANG_CXX_LIBRARY = "libc++";
				CLANG_ENABLE_MODULES = YES;
				CLANG_ENABLE_OBJC_ARC = YES;
				CLANG_WARN_BLOCK_CAPTURE_AUTORELEASING = YES;
				CLANG_WARN_BOOL_CONVERSION = YES;
				CLANG_WARN_COMMA = YES;
				CLANG_WARN_CONSTANT_CONVERSION = YES;
				CLANG_WARN_DIRECT_OBJC_ISA_USAGE = YES_ERROR;
				CLANG_WARN_DOCUMENTATION_COMMENTS = YES;
				CLANG_WARN_EMPTY_BODY = YES;
				CLANG_WARN_ENUM_CONVERSION = YES;
				CLANG_WARN_INFINITE_RECURSION = YES;
				CLANG_WARN_INT_CONVERSION = YES;
				CLANG_WARN_NON_LITERAL_NULL_CONVERSION = YES;
				CLANG_WARN_OBJC_LITERAL_CONVERSION = YES;
				CLANG_WARN_OBJC_ROOT_CLASS = YES_ERROR;
				CLANG_WARN_RANGE_LOOP_ANALYSIS = YES;
				CLANG_WARN_STRICT_PROTOTYPES = YES;
				CLANG_WARN_SUSPICIOUS_MOVE = YES;
				CLANG_WARN_UNGUARDED_AVAILABILITY = YES_AGGRESSIVE;
				CLANG_WARN_UNREACHABLE_CODE = YES;
				CLANG_WARN__DUPLICATE_METHOD_MATCH = YES;
				CODE_SIGN_IDENTITY = "iPhone Developer";
				COPY_PHASE_STRIP = NO;
				DEBUG_INFORMATION_FORMAT = dwarf;
				ENABLE_STRICT_OBJC_MSGSEND = YES;
				ENABLE_TESTABILITY = YES;
				GCC_C_LANGUAGE_STANDARD = gnu11;
				GCC_DYNAMIC_NO_PIC = NO;
				GCC_NO_COMMON_BLOCKS = YES;
				GCC_OPTIMIZATION_LEVEL = 0;
				GCC_PREPROCESSOR_DEFINITIONS = (
					"DEBUG=1",
					"$(inherited)",
				);
				GCC_WARN_64_TO_32_BIT_CONVERSION = YES;
				GCC_WARN_ABOUT_RETURN_TYPE = YES_ERROR;
				GCC_WARN_UNDECLARED_SELECTOR = YES;
				GCC_WARN_UNINITIALIZED_AUTOS = YES_AGGRESSIVE;
				GCC_WARN_UNUSED_FUNCTION = YES;
				GCC_WARN_UNUSED_VARIABLE = YES;
				IPHONEOS_DEPLOYMENT_TARGET = 11.2;
				MTL_ENABLE_DEBUG_INFO = YES;
				ONLY_ACTIVE_ARCH = YES;
				SDKROOT = iphoneos;
				SWIFT_ACTIVE_COMPILATION_CONDITIONS = DEBUG;
				SWIFT_OPTIMIZATION_LEVEL = "-Onone";
			};
			name = Debug;
		};
		F515848720B6521400ED8AEE /* Release */ = {
			isa = XCBuildConfiguration;
			buildSettings = {
				ALWAYS_SEARCH_USER_PATHS = NO;
				CLANG_ANALYZER_NONNULL = YES;
				CLANG_ANALYZER_NUMBER_OBJECT_CONVERSION = YES_AGGRESSIVE;
				CLANG_CXX_LANGUAGE_STANDARD = "gnu++14";
				CLANG_CXX_LIBRARY = "libc++";
				CLANG_ENABLE_MODULES = YES;
				CLANG_ENABLE_OBJC_ARC = YES;
				CLANG_WARN_BLOCK_CAPTURE_AUTORELEASING = YES;
				CLANG_WARN_BOOL_CONVERSION = YES;
				CLANG_WARN_COMMA = YES;
				CLANG_WARN_CONSTANT_CONVERSION = YES;
				CLANG_WARN_DIRECT_OBJC_ISA_USAGE = YES_ERROR;
				CLANG_WARN_DOCUMENTATION_COMMENTS = YES;
				CLANG_WARN_EMPTY_BODY = YES;
				CLANG_WARN_ENUM_CONVERSION = YES;
				CLANG_WARN_INFINITE_RECURSION = YES;
				CLANG_WARN_INT_CONVERSION = YES;
				CLANG_WARN_NON_LITERAL_NULL_CONVERSION = YES;
				CLANG_WARN_OBJC_LITERAL_CONVERSION = YES;
				CLANG_WARN_OBJC_ROOT_CLASS = YES_ERROR;
				CLANG_WARN_RANGE_LOOP_ANALYSIS = YES;
				CLANG_WARN_STRICT_PROTOTYPES = YES;
				CLANG_WARN_SUSPICIOUS_MOVE = YES;
				CLANG_WARN_UNGUARDED_AVAILABILITY = YES_AGGRESSIVE;
				CLANG_WARN_UNREACHABLE_CODE = YES;
				CLANG_WARN__DUPLICATE_METHOD_MATCH = YES;
				CODE_SIGN_IDENTITY = "iPhone Developer";
				COPY_PHASE_STRIP = NO;
				DEBUG_INFORMATION_FORMAT = "dwarf-with-dsym";
				ENABLE_NS_ASSERTIONS = NO;
				ENABLE_STRICT_OBJC_MSGSEND = YES;
				GCC_C_LANGUAGE_STANDARD = gnu11;
				GCC_NO_COMMON_BLOCKS = YES;
				GCC_WARN_64_TO_32_BIT_CONVERSION = YES;
				GCC_WARN_ABOUT_RETURN_TYPE = YES_ERROR;
				GCC_WARN_UNDECLARED_SELECTOR = YES;
				GCC_WARN_UNINITIALIZED_AUTOS = YES_AGGRESSIVE;
				GCC_WARN_UNUSED_FUNCTION = YES;
				GCC_WARN_UNUSED_VARIABLE = YES;
				IPHONEOS_DEPLOYMENT_TARGET = 11.2;
				MTL_ENABLE_DEBUG_INFO = NO;
				SDKROOT = iphoneos;
				SWIFT_OPTIMIZATION_LEVEL = "-Owholemodule";
				VALIDATE_PRODUCT = YES;
			};
			name = Release;
		};
		F515848920B6521400ED8AEE /* Debug */ = {
			isa = XCBuildConfiguration;
			buildSettings = {
				ASSETCATALOG_COMPILER_APPICON_NAME = AppIcon;
				CODE_SIGN_STYLE = Automatic;
				DEVELOPMENT_TEAM = C74VQ3FE9N;
				INFOPLIST_FILE = MJChangeNetworkEnvironment/Info.plist;
				LD_RUNPATH_SEARCH_PATHS = "$(inherited) @executable_path/Frameworks";
				PRODUCT_BUNDLE_IDENTIFIER = caiqr.MJChangeNetworkEnvironment;
				PRODUCT_NAME = "$(TARGET_NAME)";
				SWIFT_VERSION = 4.0;
				TARGETED_DEVICE_FAMILY = "1,2";
			};
			name = Debug;
		};
		F515848A20B6521400ED8AEE /* Release */ = {
			isa = XCBuildConfiguration;
			buildSettings = {
				ASSETCATALOG_COMPILER_APPICON_NAME = AppIcon;
				CODE_SIGN_STYLE = Automatic;
				DEVELOPMENT_TEAM = C74VQ3FE9N;
				INFOPLIST_FILE = MJChangeNetworkEnvironment/Info.plist;
				LD_RUNPATH_SEARCH_PATHS = "$(inherited) @executable_path/Frameworks";
				PRODUCT_BUNDLE_IDENTIFIER = caiqr.MJChangeNetworkEnvironment;
				PRODUCT_NAME = "$(TARGET_NAME)";
				SWIFT_VERSION = 4.0;
				TARGETED_DEVICE_FAMILY = "1,2";
			};
			name = Release;
		};
		F515848C20B6521400ED8AEE /* Debug */ = {
			isa = XCBuildConfiguration;
			buildSettings = {
				ALWAYS_EMBED_SWIFT_STANDARD_LIBRARIES = YES;
				BUNDLE_LOADER = "$(TEST_HOST)";
				CODE_SIGN_STYLE = Automatic;
				DEVELOPMENT_TEAM = C74VQ3FE9N;
				INFOPLIST_FILE = MJChangeNetworkEnvironmentTests/Info.plist;
				LD_RUNPATH_SEARCH_PATHS = "$(inherited) @executable_path/Frameworks @loader_path/Frameworks";
				PRODUCT_BUNDLE_IDENTIFIER = caiqr.MJChangeNetworkEnvironmentTests;
				PRODUCT_NAME = "$(TARGET_NAME)";
				SWIFT_VERSION = 4.0;
				TARGETED_DEVICE_FAMILY = "1,2";
				TEST_HOST = "$(BUILT_PRODUCTS_DIR)/MJChangeNetworkEnvironment.app/MJChangeNetworkEnvironment";
			};
			name = Debug;
		};
		F515848D20B6521400ED8AEE /* Release */ = {
			isa = XCBuildConfiguration;
			buildSettings = {
				ALWAYS_EMBED_SWIFT_STANDARD_LIBRARIES = YES;
				BUNDLE_LOADER = "$(TEST_HOST)";
				CODE_SIGN_STYLE = Automatic;
				DEVELOPMENT_TEAM = C74VQ3FE9N;
				INFOPLIST_FILE = MJChangeNetworkEnvironmentTests/Info.plist;
				LD_RUNPATH_SEARCH_PATHS = "$(inherited) @executable_path/Frameworks @loader_path/Frameworks";
				PRODUCT_BUNDLE_IDENTIFIER = caiqr.MJChangeNetworkEnvironmentTests;
				PRODUCT_NAME = "$(TARGET_NAME)";
				SWIFT_VERSION = 4.0;
				TARGETED_DEVICE_FAMILY = "1,2";
				TEST_HOST = "$(BUILT_PRODUCTS_DIR)/MJChangeNetworkEnvironment.app/MJChangeNetworkEnvironment";
			};
			name = Release;
		};
		F515848F20B6521400ED8AEE /* Debug */ = {
			isa = XCBuildConfiguration;
			buildSettings = {
				ALWAYS_EMBED_SWIFT_STANDARD_LIBRARIES = YES;
				CODE_SIGN_STYLE = Automatic;
				DEVELOPMENT_TEAM = C74VQ3FE9N;
				INFOPLIST_FILE = MJChangeNetworkEnvironmentUITests/Info.plist;
				LD_RUNPATH_SEARCH_PATHS = "$(inherited) @executable_path/Frameworks @loader_path/Frameworks";
				PRODUCT_BUNDLE_IDENTIFIER = caiqr.MJChangeNetworkEnvironmentUITests;
				PRODUCT_NAME = "$(TARGET_NAME)";
				SWIFT_VERSION = 4.0;
				TARGETED_DEVICE_FAMILY = "1,2";
				TEST_TARGET_NAME = MJChangeNetworkEnvironment;
			};
			name = Debug;
		};
		F515849020B6521400ED8AEE /* Release */ = {
			isa = XCBuildConfiguration;
			buildSettings = {
				ALWAYS_EMBED_SWIFT_STANDARD_LIBRARIES = YES;
				CODE_SIGN_STYLE = Automatic;
				DEVELOPMENT_TEAM = C74VQ3FE9N;
				INFOPLIST_FILE = MJChangeNetworkEnvironmentUITests/Info.plist;
				LD_RUNPATH_SEARCH_PATHS = "$(inherited) @executable_path/Frameworks @loader_path/Frameworks";
				PRODUCT_BUNDLE_IDENTIFIER = caiqr.MJChangeNetworkEnvironmentUITests;
				PRODUCT_NAME = "$(TARGET_NAME)";
				SWIFT_VERSION = 4.0;
				TARGETED_DEVICE_FAMILY = "1,2";
				TEST_TARGET_NAME = MJChangeNetworkEnvironment;
			};
			name = Release;
		};
/* End XCBuildConfiguration section */

/* Begin XCConfigurationList section */
		F515845B20B6521400ED8AEE /* Build configuration list for PBXProject "MJChangeNetworkEnvironment" */ = {
			isa = XCConfigurationList;
			buildConfigurations = (
				F515848620B6521400ED8AEE /* Debug */,
				F515848720B6521400ED8AEE /* Release */,
			);
			defaultConfigurationIsVisible = 0;
			defaultConfigurationName = Release;
		};
		F515848820B6521400ED8AEE /* Build configuration list for PBXNativeTarget "MJChangeNetworkEnvironment" */ = {
			isa = XCConfigurationList;
			buildConfigurations = (
				F515848920B6521400ED8AEE /* Debug */,
				F515848A20B6521400ED8AEE /* Release */,
			);
			defaultConfigurationIsVisible = 0;
			defaultConfigurationName = Release;
		};
		F515848B20B6521400ED8AEE /* Build configuration list for PBXNativeTarget "MJChangeNetworkEnvironmentTests" */ = {
			isa = XCConfigurationList;
			buildConfigurations = (
				F515848C20B6521400ED8AEE /* Debug */,
				F515848D20B6521400ED8AEE /* Release */,
			);
			defaultConfigurationIsVisible = 0;
			defaultConfigurationName = Release;
		};
		F515848E20B6521400ED8AEE /* Build configuration list for PBXNativeTarget "MJChangeNetworkEnvironmentUITests" */ = {
			isa = XCConfigurationList;
			buildConfigurations = (
				F515848F20B6521400ED8AEE /* Debug */,
				F515849020B6521400ED8AEE /* Release */,
			);
			defaultConfigurationIsVisible = 0;
			defaultConfigurationName = Release;
		};
/* End XCConfigurationList section */
	};
	rootObject = F515845820B6521400ED8AEE /* Project object */;
}
